// !$*UTF8*$!
{
	archiveVersion = 1;
	classes = {
	};
	objectVersion = 56;
	objects = {

/* Begin PBXBuildFile section */
		36CD04F82BF0C59C00418EE7 /* MeBus_v2App.swift in Sources */ = {isa = PBXBuildFile; fileRef = 36CD04F72BF0C59C00418EE7 /* MeBus_v2App.swift */; };
		36CD04FA2BF0C59C00418EE7 /* ContentView.swift in Sources */ = {isa = PBXBuildFile; fileRef = 36CD04F92BF0C59C00418EE7 /* ContentView.swift */; };
		36CD04FC2BF0C59D00418EE7 /* Assets.xcassets in Resources */ = {isa = PBXBuildFile; fileRef = 36CD04FB2BF0C59D00418EE7 /* Assets.xcassets */; };
		36CD04FF2BF0C59D00418EE7 /* Preview Assets.xcassets in Resources */ = {isa = PBXBuildFile; fileRef = 36CD04FE2BF0C59D00418EE7 /* Preview Assets.xcassets */; };
		36CD05012BF0C59D00418EE7 /* Persistence.swift in Sources */ = {isa = PBXBuildFile; fileRef = 36CD05002BF0C59D00418EE7 /* Persistence.swift */; };
		36CD05042BF0C59D00418EE7 /* MeBus_v2.xcdatamodeld in Sources */ = {isa = PBXBuildFile; fileRef = 36CD05022BF0C59D00418EE7 /* MeBus_v2.xcdatamodeld */; };
		36CD050E2BF0C59E00418EE7 /* MeBus_v2Tests.swift in Sources */ = {isa = PBXBuildFile; fileRef = 36CD050D2BF0C59E00418EE7 /* MeBus_v2Tests.swift */; };
		36CD05182BF0C59E00418EE7 /* MeBus_v2UITests.swift in Sources */ = {isa = PBXBuildFile; fileRef = 36CD05172BF0C59E00418EE7 /* MeBus_v2UITests.swift */; };
		36CD051A2BF0C59E00418EE7 /* MeBus_v2UITestsLaunchTests.swift in Sources */ = {isa = PBXBuildFile; fileRef = 36CD05192BF0C59E00418EE7 /* MeBus_v2UITestsLaunchTests.swift */; };
		36CD052D2BF0C69F00418EE7 /* BusStopData.json in Resources */ = {isa = PBXBuildFile; fileRef = 36CD052C2BF0C69F00418EE7 /* BusStopData.json */; };
		36CD052F2BF0C6B400418EE7 /* DistanceManager.swift in Sources */ = {isa = PBXBuildFile; fileRef = 36CD052E2BF0C6B400418EE7 /* DistanceManager.swift */; };
		36CD05312BF0C6C900418EE7 /* GetUserLocation.swift in Sources */ = {isa = PBXBuildFile; fileRef = 36CD05302BF0C6C900418EE7 /* GetUserLocation.swift */; };
		36CD05332BF0C6E700418EE7 /* LoadNearbyBusStops.swift in Sources */ = {isa = PBXBuildFile; fileRef = 36CD05322BF0C6E700418EE7 /* LoadNearbyBusStops.swift */; };
		36CD05352BF0C6F900418EE7 /* LocationManager.swift in Sources */ = {isa = PBXBuildFile; fileRef = 36CD05342BF0C6F900418EE7 /* LocationManager.swift */; };
		36CD05372BF0C71200418EE7 /* BottomNavBar.swift in Sources */ = {isa = PBXBuildFile; fileRef = 36CD05362BF0C71200418EE7 /* BottomNavBar.swift */; };
		36CD05392BF0C73900418EE7 /* BusStopDetail.swift in Sources */ = {isa = PBXBuildFile; fileRef = 36CD05382BF0C73900418EE7 /* BusStopDetail.swift */; };
		36CD053B2BF0C74E00418EE7 /* FavoritesView.swift in Sources */ = {isa = PBXBuildFile; fileRef = 36CD053A2BF0C74E00418EE7 /* FavoritesView.swift */; };
		36CD053D2BF0C75C00418EE7 /* NearbyListView.swift in Sources */ = {isa = PBXBuildFile; fileRef = 36CD053C2BF0C75C00418EE7 /* NearbyListView.swift */; };
/* End PBXBuildFile section */

/* Begin PBXContainerItemProxy section */
		36CD050A2BF0C59E00418EE7 /* PBXContainerItemProxy */ = {
			isa = PBXContainerItemProxy;
			containerPortal = 36CD04EC2BF0C59C00418EE7 /* Project object */;
			proxyType = 1;
			remoteGlobalIDString = 36CD04F32BF0C59C00418EE7;
			remoteInfo = "MeBus-v2";
		};
		36CD05142BF0C59E00418EE7 /* PBXContainerItemProxy */ = {
			isa = PBXContainerItemProxy;
			containerPortal = 36CD04EC2BF0C59C00418EE7 /* Project object */;
			proxyType = 1;
			remoteGlobalIDString = 36CD04F32BF0C59C00418EE7;
			remoteInfo = "MeBus-v2";
		};
/* End PBXContainerItemProxy section */

/* Begin PBXFileReference section */
		36CD04F42BF0C59C00418EE7 /* MeBus-v2.app */ = {isa = PBXFileReference; explicitFileType = wrapper.application; includeInIndex = 0; path = "MeBus-v2.app"; sourceTree = BUILT_PRODUCTS_DIR; };
		36CD04F72BF0C59C00418EE7 /* MeBus_v2App.swift */ = {isa = PBXFileReference; lastKnownFileType = sourcecode.swift; path = MeBus_v2App.swift; sourceTree = "<group>"; };
		36CD04F92BF0C59C00418EE7 /* ContentView.swift */ = {isa = PBXFileReference; lastKnownFileType = sourcecode.swift; path = ContentView.swift; sourceTree = "<group>"; };
		36CD04FB2BF0C59D00418EE7 /* Assets.xcassets */ = {isa = PBXFileReference; lastKnownFileType = folder.assetcatalog; path = Assets.xcassets; sourceTree = "<group>"; };
		36CD04FE2BF0C59D00418EE7 /* Preview Assets.xcassets */ = {isa = PBXFileReference; lastKnownFileType = folder.assetcatalog; path = "Preview Assets.xcassets"; sourceTree = "<group>"; };
		36CD05002BF0C59D00418EE7 /* Persistence.swift */ = {isa = PBXFileReference; lastKnownFileType = sourcecode.swift; path = Persistence.swift; sourceTree = "<group>"; };
		36CD05032BF0C59D00418EE7 /* MeBus_v2.xcdatamodel */ = {isa = PBXFileReference; lastKnownFileType = wrapper.xcdatamodel; path = MeBus_v2.xcdatamodel; sourceTree = "<group>"; };
		36CD05092BF0C59E00418EE7 /* MeBus-v2Tests.xctest */ = {isa = PBXFileReference; explicitFileType = wrapper.cfbundle; includeInIndex = 0; path = "MeBus-v2Tests.xctest"; sourceTree = BUILT_PRODUCTS_DIR; };
		36CD050D2BF0C59E00418EE7 /* MeBus_v2Tests.swift */ = {isa = PBXFileReference; lastKnownFileType = sourcecode.swift; path = MeBus_v2Tests.swift; sourceTree = "<group>"; };
		36CD05132BF0C59E00418EE7 /* MeBus-v2UITests.xctest */ = {isa = PBXFileReference; explicitFileType = wrapper.cfbundle; includeInIndex = 0; path = "MeBus-v2UITests.xctest"; sourceTree = BUILT_PRODUCTS_DIR; };
		36CD05172BF0C59E00418EE7 /* MeBus_v2UITests.swift */ = {isa = PBXFileReference; lastKnownFileType = sourcecode.swift; path = MeBus_v2UITests.swift; sourceTree = "<group>"; };
		36CD05192BF0C59E00418EE7 /* MeBus_v2UITestsLaunchTests.swift */ = {isa = PBXFileReference; lastKnownFileType = sourcecode.swift; path = MeBus_v2UITestsLaunchTests.swift; sourceTree = "<group>"; };
		36CD05282BF0C5DD00418EE7 /* Info.plist */ = {isa = PBXFileReference; lastKnownFileType = text.plist; path = Info.plist; sourceTree = "<group>"; };
		36CD052C2BF0C69F00418EE7 /* BusStopData.json */ = {isa = PBXFileReference; lastKnownFileType = text.json; path = BusStopData.json; sourceTree = "<group>"; };
		36CD052E2BF0C6B400418EE7 /* DistanceManager.swift */ = {isa = PBXFileReference; lastKnownFileType = sourcecode.swift; path = DistanceManager.swift; sourceTree = "<group>"; };
		36CD05302BF0C6C900418EE7 /* GetUserLocation.swift */ = {isa = PBXFileReference; lastKnownFileType = sourcecode.swift; path = GetUserLocation.swift; sourceTree = "<group>"; };
		36CD05322BF0C6E700418EE7 /* LoadNearbyBusStops.swift */ = {isa = PBXFileReference; lastKnownFileType = sourcecode.swift; path = LoadNearbyBusStops.swift; sourceTree = "<group>"; };
		36CD05342BF0C6F900418EE7 /* LocationManager.swift */ = {isa = PBXFileReference; lastKnownFileType = sourcecode.swift; path = LocationManager.swift; sourceTree = "<group>"; };
		36CD05362BF0C71200418EE7 /* BottomNavBar.swift */ = {isa = PBXFileReference; lastKnownFileType = sourcecode.swift; path = BottomNavBar.swift; sourceTree = "<group>"; };
		36CD05382BF0C73900418EE7 /* BusStopDetail.swift */ = {isa = PBXFileReference; lastKnownFileType = sourcecode.swift; path = BusStopDetail.swift; sourceTree = "<group>"; };
		36CD053A2BF0C74E00418EE7 /* FavoritesView.swift */ = {isa = PBXFileReference; lastKnownFileType = sourcecode.swift; path = FavoritesView.swift; sourceTree = "<group>"; };
		36CD053C2BF0C75C00418EE7 /* NearbyListView.swift */ = {isa = PBXFileReference; lastKnownFileType = sourcecode.swift; path = NearbyListView.swift; sourceTree = "<group>"; };
/* End PBXFileReference section */

/* Begin PBXFrameworksBuildPhase section */
		36CD04F12BF0C59C00418EE7 /* Frameworks */ = {
			isa = PBXFrameworksBuildPhase;
			buildActionMask = 2147483647;
			files = (
			);
			runOnlyForDeploymentPostprocessing = 0;
		};
		36CD05062BF0C59E00418EE7 /* Frameworks */ = {
			isa = PBXFrameworksBuildPhase;
			buildActionMask = 2147483647;
			files = (
			);
			runOnlyForDeploymentPostprocessing = 0;
		};
		36CD05102BF0C59E00418EE7 /* Frameworks */ = {
			isa = PBXFrameworksBuildPhase;
			buildActionMask = 2147483647;
			files = (
			);
			runOnlyForDeploymentPostprocessing = 0;
		};
/* End PBXFrameworksBuildPhase section */

/* Begin PBXGroup section */
		36CD04EB2BF0C59C00418EE7 = {
			isa = PBXGroup;
			children = (
				36CD04F62BF0C59C00418EE7 /* MeBus-v2 */,
				36CD050C2BF0C59E00418EE7 /* MeBus-v2Tests */,
				36CD05162BF0C59E00418EE7 /* MeBus-v2UITests */,
				36CD04F52BF0C59C00418EE7 /* Products */,
			);
			sourceTree = "<group>";
		};
		36CD04F52BF0C59C00418EE7 /* Products */ = {
			isa = PBXGroup;
			children = (
				36CD04F42BF0C59C00418EE7 /* MeBus-v2.app */,
				36CD05092BF0C59E00418EE7 /* MeBus-v2Tests.xctest */,
				36CD05132BF0C59E00418EE7 /* MeBus-v2UITests.xctest */,
			);
			name = Products;
			sourceTree = "<group>";
		};
		36CD04F62BF0C59C00418EE7 /* MeBus-v2 */ = {
			isa = PBXGroup;
			children = (
				36CD05282BF0C5DD00418EE7 /* Info.plist */,
				36CD04F72BF0C59C00418EE7 /* MeBus_v2App.swift */,
				36CD04FB2BF0C59D00418EE7 /* Assets.xcassets */,
				36CD04F92BF0C59C00418EE7 /* ContentView.swift */,
				36CD05002BF0C59D00418EE7 /* Persistence.swift */,
				36CD05292BF0C66500418EE7 /* Services */,
				36CD052B2BF0C66C00418EE7 /* Components */,
				36CD052A2BF0C66900418EE7 /* Pages */,
				36CD05022BF0C59D00418EE7 /* MeBus_v2.xcdatamodeld */,
				36CD04FD2BF0C59D00418EE7 /* Preview Content */,
			);
			path = "MeBus-v2";
			sourceTree = "<group>";
		};
		36CD04FD2BF0C59D00418EE7 /* Preview Content */ = {
			isa = PBXGroup;
			children = (
				36CD04FE2BF0C59D00418EE7 /* Preview Assets.xcassets */,
			);
			path = "Preview Content";
			sourceTree = "<group>";
		};
		36CD050C2BF0C59E00418EE7 /* MeBus-v2Tests */ = {
			isa = PBXGroup;
			children = (
				36CD050D2BF0C59E00418EE7 /* MeBus_v2Tests.swift */,
			);
			path = "MeBus-v2Tests";
			sourceTree = "<group>";
		};
		36CD05162BF0C59E00418EE7 /* MeBus-v2UITests */ = {
			isa = PBXGroup;
			children = (
				36CD05172BF0C59E00418EE7 /* MeBus_v2UITests.swift */,
				36CD05192BF0C59E00418EE7 /* MeBus_v2UITestsLaunchTests.swift */,
			);
			path = "MeBus-v2UITests";
			sourceTree = "<group>";
		};
		36CD05292BF0C66500418EE7 /* Services */ = {
			isa = PBXGroup;
			children = (
				36CD052C2BF0C69F00418EE7 /* BusStopData.json */,
				36CD05302BF0C6C900418EE7 /* GetUserLocation.swift */,
				36CD052E2BF0C6B400418EE7 /* DistanceManager.swift */,
				36CD05342BF0C6F900418EE7 /* LocationManager.swift */,
				36CD05322BF0C6E700418EE7 /* LoadNearbyBusStops.swift */,
			);
			path = Services;
			sourceTree = "<group>";
		};
		36CD052A2BF0C66900418EE7 /* Pages */ = {
			isa = PBXGroup;
			children = (
				36CD053A2BF0C74E00418EE7 /* FavoritesView.swift */,
				36CD053C2BF0C75C00418EE7 /* NearbyListView.swift */,
			);
			path = Pages;
			sourceTree = "<group>";
		};
		36CD052B2BF0C66C00418EE7 /* Components */ = {
			isa = PBXGroup;
			children = (
				36CD05382BF0C73900418EE7 /* BusStopDetail.swift */,
				36CD05362BF0C71200418EE7 /* BottomNavBar.swift */,
			);
			path = Components;
			sourceTree = "<group>";
		};
/* End PBXGroup section */

/* Begin PBXNativeTarget section */
		36CD04F32BF0C59C00418EE7 /* MeBus-v2 */ = {
			isa = PBXNativeTarget;
			buildConfigurationList = 36CD051D2BF0C59E00418EE7 /* Build configuration list for PBXNativeTarget "MeBus-v2" */;
			buildPhases = (
				36CD04F02BF0C59C00418EE7 /* Sources */,
				36CD04F12BF0C59C00418EE7 /* Frameworks */,
				36CD04F22BF0C59C00418EE7 /* Resources */,
			);
			buildRules = (
			);
			dependencies = (
			);
			name = "MeBus-v2";
			productName = "MeBus-v2";
			productReference = 36CD04F42BF0C59C00418EE7 /* MeBus-v2.app */;
			productType = "com.apple.product-type.application";
		};
		36CD05082BF0C59E00418EE7 /* MeBus-v2Tests */ = {
			isa = PBXNativeTarget;
			buildConfigurationList = 36CD05202BF0C59E00418EE7 /* Build configuration list for PBXNativeTarget "MeBus-v2Tests" */;
			buildPhases = (
				36CD05052BF0C59E00418EE7 /* Sources */,
				36CD05062BF0C59E00418EE7 /* Frameworks */,
				36CD05072BF0C59E00418EE7 /* Resources */,
			);
			buildRules = (
			);
			dependencies = (
				36CD050B2BF0C59E00418EE7 /* PBXTargetDependency */,
			);
			name = "MeBus-v2Tests";
			productName = "MeBus-v2Tests";
			productReference = 36CD05092BF0C59E00418EE7 /* MeBus-v2Tests.xctest */;
			productType = "com.apple.product-type.bundle.unit-test";
		};
		36CD05122BF0C59E00418EE7 /* MeBus-v2UITests */ = {
			isa = PBXNativeTarget;
			buildConfigurationList = 36CD05232BF0C59E00418EE7 /* Build configuration list for PBXNativeTarget "MeBus-v2UITests" */;
			buildPhases = (
				36CD050F2BF0C59E00418EE7 /* Sources */,
				36CD05102BF0C59E00418EE7 /* Frameworks */,
				36CD05112BF0C59E00418EE7 /* Resources */,
			);
			buildRules = (
			);
			dependencies = (
				36CD05152BF0C59E00418EE7 /* PBXTargetDependency */,
			);
			name = "MeBus-v2UITests";
			productName = "MeBus-v2UITests";
			productReference = 36CD05132BF0C59E00418EE7 /* MeBus-v2UITests.xctest */;
			productType = "com.apple.product-type.bundle.ui-testing";
		};
/* End PBXNativeTarget section */

/* Begin PBXProject section */
		36CD04EC2BF0C59C00418EE7 /* Project object */ = {
			isa = PBXProject;
			attributes = {
				BuildIndependentTargetsInParallel = 1;
				LastSwiftUpdateCheck = 1530;
				LastUpgradeCheck = 1530;
				TargetAttributes = {
					36CD04F32BF0C59C00418EE7 = {
						CreatedOnToolsVersion = 15.3;
					};
					36CD05082BF0C59E00418EE7 = {
						CreatedOnToolsVersion = 15.3;
						TestTargetID = 36CD04F32BF0C59C00418EE7;
					};
					36CD05122BF0C59E00418EE7 = {
						CreatedOnToolsVersion = 15.3;
						TestTargetID = 36CD04F32BF0C59C00418EE7;
					};
				};
			};
			buildConfigurationList = 36CD04EF2BF0C59C00418EE7 /* Build configuration list for PBXProject "MeBus-v2" */;
			compatibilityVersion = "Xcode 14.0";
			developmentRegion = en;
			hasScannedForEncodings = 0;
			knownRegions = (
				en,
				Base,
			);
			mainGroup = 36CD04EB2BF0C59C00418EE7;
			productRefGroup = 36CD04F52BF0C59C00418EE7 /* Products */;
			projectDirPath = "";
			projectRoot = "";
			targets = (
				36CD04F32BF0C59C00418EE7 /* MeBus-v2 */,
				36CD05082BF0C59E00418EE7 /* MeBus-v2Tests */,
				36CD05122BF0C59E00418EE7 /* MeBus-v2UITests */,
			);
		};
/* End PBXProject section */

/* Begin PBXResourcesBuildPhase section */
		36CD04F22BF0C59C00418EE7 /* Resources */ = {
			isa = PBXResourcesBuildPhase;
			buildActionMask = 2147483647;
			files = (
				36CD04FF2BF0C59D00418EE7 /* Preview Assets.xcassets in Resources */,
				36CD052D2BF0C69F00418EE7 /* BusStopData.json in Resources */,
				36CD04FC2BF0C59D00418EE7 /* Assets.xcassets in Resources */,
			);
			runOnlyForDeploymentPostprocessing = 0;
		};
		36CD05072BF0C59E00418EE7 /* Resources */ = {
			isa = PBXResourcesBuildPhase;
			buildActionMask = 2147483647;
			files = (
			);
			runOnlyForDeploymentPostprocessing = 0;
		};
		36CD05112BF0C59E00418EE7 /* Resources */ = {
			isa = PBXResourcesBuildPhase;
			buildActionMask = 2147483647;
			files = (
			);
			runOnlyForDeploymentPostprocessing = 0;
		};
/* End PBXResourcesBuildPhase section */

/* Begin PBXSourcesBuildPhase section */
		36CD04F02BF0C59C00418EE7 /* Sources */ = {
			isa = PBXSourcesBuildPhase;
			buildActionMask = 2147483647;
			files = (
				36CD053B2BF0C74E00418EE7 /* FavoritesView.swift in Sources */,
				36CD05042BF0C59D00418EE7 /* MeBus_v2.xcdatamodeld in Sources */,
				36CD05012BF0C59D00418EE7 /* Persistence.swift in Sources */,
				36CD05372BF0C71200418EE7 /* BottomNavBar.swift in Sources */,
				36CD05392BF0C73900418EE7 /* BusStopDetail.swift in Sources */,
				36CD04FA2BF0C59C00418EE7 /* ContentView.swift in Sources */,
				36CD04F82BF0C59C00418EE7 /* MeBus_v2App.swift in Sources */,
				36CD053D2BF0C75C00418EE7 /* NearbyListView.swift in Sources */,
				36CD05352BF0C6F900418EE7 /* LocationManager.swift in Sources */,
				36CD05312BF0C6C900418EE7 /* GetUserLocation.swift in Sources */,
				36CD05332BF0C6E700418EE7 /* LoadNearbyBusStops.swift in Sources */,
				36CD052F2BF0C6B400418EE7 /* DistanceManager.swift in Sources */,
			);
			runOnlyForDeploymentPostprocessing = 0;
		};
		36CD05052BF0C59E00418EE7 /* Sources */ = {
			isa = PBXSourcesBuildPhase;
			buildActionMask = 2147483647;
			files = (
				36CD050E2BF0C59E00418EE7 /* MeBus_v2Tests.swift in Sources */,
			);
			runOnlyForDeploymentPostprocessing = 0;
		};
		36CD050F2BF0C59E00418EE7 /* Sources */ = {
			isa = PBXSourcesBuildPhase;
			buildActionMask = 2147483647;
			files = (
				36CD051A2BF0C59E00418EE7 /* MeBus_v2UITestsLaunchTests.swift in Sources */,
				36CD05182BF0C59E00418EE7 /* MeBus_v2UITests.swift in Sources */,
			);
			runOnlyForDeploymentPostprocessing = 0;
		};
/* End PBXSourcesBuildPhase section */

/* Begin PBXTargetDependency section */
		36CD050B2BF0C59E00418EE7 /* PBXTargetDependency */ = {
			isa = PBXTargetDependency;
			target = 36CD04F32BF0C59C00418EE7 /* MeBus-v2 */;
			targetProxy = 36CD050A2BF0C59E00418EE7 /* PBXContainerItemProxy */;
		};
		36CD05152BF0C59E00418EE7 /* PBXTargetDependency */ = {
			isa = PBXTargetDependency;
			target = 36CD04F32BF0C59C00418EE7 /* MeBus-v2 */;
			targetProxy = 36CD05142BF0C59E00418EE7 /* PBXContainerItemProxy */;
		};
/* End PBXTargetDependency section */

/* Begin XCBuildConfiguration section */
		36CD051B2BF0C59E00418EE7 /* Debug */ = {
			isa = XCBuildConfiguration;
			buildSettings = {
				ALWAYS_SEARCH_USER_PATHS = NO;
				ASSETCATALOG_COMPILER_GENERATE_SWIFT_ASSET_SYMBOL_EXTENSIONS = YES;
				CLANG_ANALYZER_NONNULL = YES;
				CLANG_ANALYZER_NUMBER_OBJECT_CONVERSION = YES_AGGRESSIVE;
				CLANG_CXX_LANGUAGE_STANDARD = "gnu++20";
				CLANG_ENABLE_MODULES = YES;
				CLANG_ENABLE_OBJC_ARC = YES;
				CLANG_ENABLE_OBJC_WEAK = YES;
				CLANG_WARN_BLOCK_CAPTURE_AUTORELEASING = YES;
				CLANG_WARN_BOOL_CONVERSION = YES;
				CLANG_WARN_COMMA = YES;
				CLANG_WARN_CONSTANT_CONVERSION = YES;
				CLANG_WARN_DEPRECATED_OBJC_IMPLEMENTATIONS = YES;
				CLANG_WARN_DIRECT_OBJC_ISA_USAGE = YES_ERROR;
				CLANG_WARN_DOCUMENTATION_COMMENTS = YES;
				CLANG_WARN_EMPTY_BODY = YES;
				CLANG_WARN_ENUM_CONVERSION = YES;
				CLANG_WARN_INFINITE_RECURSION = YES;
				CLANG_WARN_INT_CONVERSION = YES;
				CLANG_WARN_NON_LITERAL_NULL_CONVERSION = YES;
				CLANG_WARN_OBJC_IMPLICIT_RETAIN_SELF = YES;
				CLANG_WARN_OBJC_LITERAL_CONVERSION = YES;
				CLANG_WARN_OBJC_ROOT_CLASS = YES_ERROR;
				CLANG_WARN_QUOTED_INCLUDE_IN_FRAMEWORK_HEADER = YES;
				CLANG_WARN_RANGE_LOOP_ANALYSIS = YES;
				CLANG_WARN_STRICT_PROTOTYPES = YES;
				CLANG_WARN_SUSPICIOUS_MOVE = YES;
				CLANG_WARN_UNGUARDED_AVAILABILITY = YES_AGGRESSIVE;
				CLANG_WARN_UNREACHABLE_CODE = YES;
				CLANG_WARN__DUPLICATE_METHOD_MATCH = YES;
				COPY_PHASE_STRIP = NO;
				DEBUG_INFORMATION_FORMAT = dwarf;
				ENABLE_STRICT_OBJC_MSGSEND = YES;
				ENABLE_TESTABILITY = YES;
				ENABLE_USER_SCRIPT_SANDBOXING = YES;
				GCC_C_LANGUAGE_STANDARD = gnu17;
				GCC_DYNAMIC_NO_PIC = NO;
				GCC_NO_COMMON_BLOCKS = YES;
				GCC_OPTIMIZATION_LEVEL = 0;
				GCC_PREPROCESSOR_DEFINITIONS = (
					"DEBUG=1",
					"$(inherited)",
				);
				GCC_WARN_64_TO_32_BIT_CONVERSION = YES;
				GCC_WARN_ABOUT_RETURN_TYPE = YES_ERROR;
				GCC_WARN_UNDECLARED_SELECTOR = YES;
				GCC_WARN_UNINITIALIZED_AUTOS = YES_AGGRESSIVE;
				GCC_WARN_UNUSED_FUNCTION = YES;
				GCC_WARN_UNUSED_VARIABLE = YES;
				IPHONEOS_DEPLOYMENT_TARGET = 17.4;
				LOCALIZATION_PREFERS_STRING_CATALOGS = YES;
				MTL_ENABLE_DEBUG_INFO = INCLUDE_SOURCE;
				MTL_FAST_MATH = YES;
				ONLY_ACTIVE_ARCH = YES;
				SDKROOT = iphoneos;
				SWIFT_ACTIVE_COMPILATION_CONDITIONS = "DEBUG $(inherited)";
				SWIFT_OPTIMIZATION_LEVEL = "-Onone";
			};
			name = Debug;
		};
		36CD051C2BF0C59E00418EE7 /* Release */ = {
			isa = XCBuildConfiguration;
			buildSettings = {
				ALWAYS_SEARCH_USER_PATHS = NO;
				ASSETCATALOG_COMPILER_GENERATE_SWIFT_ASSET_SYMBOL_EXTENSIONS = YES;
				CLANG_ANALYZER_NONNULL = YES;
				CLANG_ANALYZER_NUMBER_OBJECT_CONVERSION = YES_AGGRESSIVE;
				CLANG_CXX_LANGUAGE_STANDARD = "gnu++20";
				CLANG_ENABLE_MODULES = YES;
				CLANG_ENABLE_OBJC_ARC = YES;
				CLANG_ENABLE_OBJC_WEAK = YES;
				CLANG_WARN_BLOCK_CAPTURE_AUTORELEASING = YES;
				CLANG_WARN_BOOL_CONVERSION = YES;
				CLANG_WARN_COMMA = YES;
				CLANG_WARN_CONSTANT_CONVERSION = YES;
				CLANG_WARN_DEPRECATED_OBJC_IMPLEMENTATIONS = YES;
				CLANG_WARN_DIRECT_OBJC_ISA_USAGE = YES_ERROR;
				CLANG_WARN_DOCUMENTATION_COMMENTS = YES;
				CLANG_WARN_EMPTY_BODY = YES;
				CLANG_WARN_ENUM_CONVERSION = YES;
				CLANG_WARN_INFINITE_RECURSION = YES;
				CLANG_WARN_INT_CONVERSION = YES;
				CLANG_WARN_NON_LITERAL_NULL_CONVERSION = YES;
				CLANG_WARN_OBJC_IMPLICIT_RETAIN_SELF = YES;
				CLANG_WARN_OBJC_LITERAL_CONVERSION = YES;
				CLANG_WARN_OBJC_ROOT_CLASS = YES_ERROR;
				CLANG_WARN_QUOTED_INCLUDE_IN_FRAMEWORK_HEADER = YES;
				CLANG_WARN_RANGE_LOOP_ANALYSIS = YES;
				CLANG_WARN_STRICT_PROTOTYPES = YES;
				CLANG_WARN_SUSPICIOUS_MOVE = YES;
				CLANG_WARN_UNGUARDED_AVAILABILITY = YES_AGGRESSIVE;
				CLANG_WARN_UNREACHABLE_CODE = YES;
				CLANG_WARN__DUPLICATE_METHOD_MATCH = YES;
				COPY_PHASE_STRIP = NO;
				DEBUG_INFORMATION_FORMAT = "dwarf-with-dsym";
				ENABLE_NS_ASSERTIONS = NO;
				ENABLE_STRICT_OBJC_MSGSEND = YES;
				ENABLE_USER_SCRIPT_SANDBOXING = YES;
				GCC_C_LANGUAGE_STANDARD = gnu17;
				GCC_NO_COMMON_BLOCKS = YES;
				GCC_WARN_64_TO_32_BIT_CONVERSION = YES;
				GCC_WARN_ABOUT_RETURN_TYPE = YES_ERROR;
				GCC_WARN_UNDECLARED_SELECTOR = YES;
				GCC_WARN_UNINITIALIZED_AUTOS = YES_AGGRESSIVE;
				GCC_WARN_UNUSED_FUNCTION = YES;
				GCC_WARN_UNUSED_VARIABLE = YES;
				IPHONEOS_DEPLOYMENT_TARGET = 17.4;
				LOCALIZATION_PREFERS_STRING_CATALOGS = YES;
				MTL_ENABLE_DEBUG_INFO = NO;
				MTL_FAST_MATH = YES;
				SDKROOT = iphoneos;
				SWIFT_COMPILATION_MODE = wholemodule;
				VALIDATE_PRODUCT = YES;
			};
			name = Release;
		};
		36CD051E2BF0C59E00418EE7 /* Debug */ = {
			isa = XCBuildConfiguration;
			buildSettings = {
				ASSETCATALOG_COMPILER_APPICON_NAME = AppIcon;
				ASSETCATALOG_COMPILER_GLOBAL_ACCENT_COLOR_NAME = AccentColor;
				CODE_SIGN_STYLE = Automatic;
				CURRENT_PROJECT_VERSION = 1;
				DEVELOPMENT_ASSET_PATHS = "\"MeBus-v2/Preview Content\"";
				DEVELOPMENT_TEAM = JPHY572DDX;
				ENABLE_PREVIEWS = YES;
				GENERATE_INFOPLIST_FILE = YES;
				INFOPLIST_FILE = "MeBus-v2/Info.plist";
				INFOPLIST_KEY_UIApplicationSceneManifest_Generation = YES;
				INFOPLIST_KEY_UIApplicationSupportsIndirectInputEvents = YES;
				INFOPLIST_KEY_UILaunchScreen_Generation = YES;
				INFOPLIST_KEY_UISupportedInterfaceOrientations_iPad = "UIInterfaceOrientationPortrait UIInterfaceOrientationPortraitUpsideDown UIInterfaceOrientationLandscapeLeft UIInterfaceOrientationLandscapeRight";
				INFOPLIST_KEY_UISupportedInterfaceOrientations_iPhone = "UIInterfaceOrientationPortrait UIInterfaceOrientationLandscapeLeft UIInterfaceOrientationLandscapeRight";
				LD_RUNPATH_SEARCH_PATHS = (
					"$(inherited)",
					"@executable_path/Frameworks",
				);
				MARKETING_VERSION = 1.0;
				PRODUCT_BUNDLE_IDENTIFIER = "meok.MeBus-v2";
				PRODUCT_NAME = "$(TARGET_NAME)";
				SWIFT_EMIT_LOC_STRINGS = YES;
				SWIFT_VERSION = 5.0;
				TARGETED_DEVICE_FAMILY = "1,2";
			};
			name = Debug;
		};
		36CD051F2BF0C59E00418EE7 /* Release */ = {
			isa = XCBuildConfiguration;
			buildSettings = {
				ASSETCATALOG_COMPILER_APPICON_NAME = AppIcon;
				ASSETCATALOG_COMPILER_GLOBAL_ACCENT_COLOR_NAME = AccentColor;
				CODE_SIGN_STYLE = Automatic;
				CURRENT_PROJECT_VERSION = 1;
				DEVELOPMENT_ASSET_PATHS = "\"MeBus-v2/Preview Content\"";
				DEVELOPMENT_TEAM = JPHY572DDX;
				ENABLE_PREVIEWS = YES;
				GENERATE_INFOPLIST_FILE = YES;
				INFOPLIST_FILE = "MeBus-v2/Info.plist";
				INFOPLIST_KEY_UIApplicationSceneManifest_Generation = YES;
				INFOPLIST_KEY_UIApplicationSupportsIndirectInputEvents = YES;
				INFOPLIST_KEY_UILaunchScreen_Generation = YES;
				INFOPLIST_KEY_UISupportedInterfaceOrientations_iPad = "UIInterfaceOrientationPortrait UIInterfaceOrientationPortraitUpsideDown UIInterfaceOrientationLandscapeLeft UIInterfaceOrientationLandscapeRight";
				INFOPLIST_KEY_UISupportedInterfaceOrientations_iPhone = "UIInterfaceOrientationPortrait UIInterfaceOrientationLandscapeLeft UIInterfaceOrientationLandscapeRight";
				LD_RUNPATH_SEARCH_PATHS = (
					"$(inherited)",
					"@executable_path/Frameworks",
				);
				MARKETING_VERSION = 1.0;
				PRODUCT_BUNDLE_IDENTIFIER = "meok.MeBus-v2";
				PRODUCT_NAME = "$(TARGET_NAME)";
				SWIFT_EMIT_LOC_STRINGS = YES;
				SWIFT_VERSION = 5.0;
				TARGETED_DEVICE_FAMILY = "1,2";
			};
			name = Release;
		};
		36CD05212BF0C59E00418EE7 /* Debug */ = {
			isa = XCBuildConfiguration;
			buildSettings = {
				ALWAYS_EMBED_SWIFT_STANDARD_LIBRARIES = YES;
				BUNDLE_LOADER = "$(TEST_HOST)";
				CODE_SIGN_STYLE = Automatic;
				CURRENT_PROJECT_VERSION = 1;
				DEVELOPMENT_TEAM = JPHY572DDX;
				GENERATE_INFOPLIST_FILE = YES;
				IPHONEOS_DEPLOYMENT_TARGET = 17.4;
				MARKETING_VERSION = 1.0;
				PRODUCT_BUNDLE_IDENTIFIER = "meok.MeBus-v2Tests";
				PRODUCT_NAME = "$(TARGET_NAME)";
				SWIFT_EMIT_LOC_STRINGS = NO;
				SWIFT_VERSION = 5.0;
				TARGETED_DEVICE_FAMILY = "1,2";
				TEST_HOST = "$(BUILT_PRODUCTS_DIR)/MeBus-v2.app/$(BUNDLE_EXECUTABLE_FOLDER_PATH)/MeBus-v2";
			};
			name = Debug;
		};
		36CD05222BF0C59E00418EE7 /* Release */ = {
			isa = XCBuildConfiguration;
			buildSettings = {
				ALWAYS_EMBED_SWIFT_STANDARD_LIBRARIES = YES;
				BUNDLE_LOADER = "$(TEST_HOST)";
				CODE_SIGN_STYLE = Automatic;
				CURRENT_PROJECT_VERSION = 1;
				DEVELOPMENT_TEAM = JPHY572DDX;
				GENERATE_INFOPLIST_FILE = YES;
				IPHONEOS_DEPLOYMENT_TARGET = 17.4;
				MARKETING_VERSION = 1.0;
				PRODUCT_BUNDLE_IDENTIFIER = "meok.MeBus-v2Tests";
				PRODUCT_NAME = "$(TARGET_NAME)";
				SWIFT_EMIT_LOC_STRINGS = NO;
				SWIFT_VERSION = 5.0;
				TARGETED_DEVICE_FAMILY = "1,2";
				TEST_HOST = "$(BUILT_PRODUCTS_DIR)/MeBus-v2.app/$(BUNDLE_EXECUTABLE_FOLDER_PATH)/MeBus-v2";
			};
			name = Release;
		};
		36CD05242BF0C59E00418EE7 /* Debug */ = {
			isa = XCBuildConfiguration;
			buildSettings = {
				ALWAYS_EMBED_SWIFT_STANDARD_LIBRARIES = YES;
				CODE_SIGN_STYLE = Automatic;
				CURRENT_PROJECT_VERSION = 1;
				DEVELOPMENT_TEAM = JPHY572DDX;
				GENERATE_INFOPLIST_FILE = YES;
				MARKETING_VERSION = 1.0;
				PRODUCT_BUNDLE_IDENTIFIER = "meok.MeBus-v2UITests";
				PRODUCT_NAME = "$(TARGET_NAME)";
				SWIFT_EMIT_LOC_STRINGS = NO;
				SWIFT_VERSION = 5.0;
				TARGETED_DEVICE_FAMILY = "1,2";
				TEST_TARGET_NAME = "MeBus-v2";
			};
			name = Debug;
		};
		36CD05252BF0C59E00418EE7 /* Release */ = {
			isa = XCBuildConfiguration;
			buildSettings = {
				ALWAYS_EMBED_SWIFT_STANDARD_LIBRARIES = YES;
				CODE_SIGN_STYLE = Automatic;
				CURRENT_PROJECT_VERSION = 1;
				DEVELOPMENT_TEAM = JPHY572DDX;
				GENERATE_INFOPLIST_FILE = YES;
				MARKETING_VERSION = 1.0;
				PRODUCT_BUNDLE_IDENTIFIER = "meok.MeBus-v2UITests";
				PRODUCT_NAME = "$(TARGET_NAME)";
				SWIFT_EMIT_LOC_STRINGS = NO;
				SWIFT_VERSION = 5.0;
				TARGETED_DEVICE_FAMILY = "1,2";
				TEST_TARGET_NAME = "MeBus-v2";
			};
			name = Release;
		};
/* End XCBuildConfiguration section */

/* Begin XCConfigurationList section */
		36CD04EF2BF0C59C00418EE7 /* Build configuration list for PBXProject "MeBus-v2" */ = {
			isa = XCConfigurationList;
			buildConfigurations = (
				36CD051B2BF0C59E00418EE7 /* Debug */,
				36CD051C2BF0C59E00418EE7 /* Release */,
			);
			defaultConfigurationIsVisible = 0;
			defaultConfigurationName = Release;
		};
		36CD051D2BF0C59E00418EE7 /* Build configuration list for PBXNativeTarget "MeBus-v2" */ = {
			isa = XCConfigurationList;
			buildConfigurations = (
				36CD051E2BF0C59E00418EE7 /* Debug */,
				36CD051F2BF0C59E00418EE7 /* Release */,
			);
			defaultConfigurationIsVisible = 0;
			defaultConfigurationName = Release;
		};
		36CD05202BF0C59E00418EE7 /* Build configuration list for PBXNativeTarget "MeBus-v2Tests" */ = {
			isa = XCConfigurationList;
			buildConfigurations = (
				36CD05212BF0C59E00418EE7 /* Debug */,
				36CD05222BF0C59E00418EE7 /* Release */,
			);
			defaultConfigurationIsVisible = 0;
			defaultConfigurationName = Release;
		};
		36CD05232BF0C59E00418EE7 /* Build configuration list for PBXNativeTarget "MeBus-v2UITests" */ = {
			isa = XCConfigurationList;
			buildConfigurations = (
				36CD05242BF0C59E00418EE7 /* Debug */,
				36CD05252BF0C59E00418EE7 /* Release */,
			);
			defaultConfigurationIsVisible = 0;
			defaultConfigurationName = Release;
		};
/* End XCConfigurationList section */

/* Begin XCVersionGroup section */
		36CD05022BF0C59D00418EE7 /* MeBus_v2.xcdatamodeld */ = {
			isa = XCVersionGroup;
			children = (
				36CD05032BF0C59D00418EE7 /* MeBus_v2.xcdatamodel */,
			);
			currentVersion = 36CD05032BF0C59D00418EE7 /* MeBus_v2.xcdatamodel */;
			path = MeBus_v2.xcdatamodeld;
			sourceTree = "<group>";
			versionGroupType = wrapper.xcdatamodel;
		};
/* End XCVersionGroup section */
	};
	rootObject = 36CD04EC2BF0C59C00418EE7 /* Project object */;
}
